<?xml version="1.0" encoding="utf-8"?>
<Project ToolsVersion="4.0" xmlns="http://schemas.microsoft.com/developer/msbuild/2003">
  <ItemGroup>
    <Filter Include="Nitro">
      <UniqueIdentifier>{D107BE0D-3D1C-E6BE-069E-891E7271E2EF}</UniqueIdentifier>
    </Filter>
    <Filter Include="Nitro\Events">
      <UniqueIdentifier>{959E04E6-8101-948A-2A87-CC4016C95F0D}</UniqueIdentifier>
    </Filter>
    <Filter Include="Platform">
      <UniqueIdentifier>{2AC788B4-1694-E3BF-3FAD-D1672BD9184E}</UniqueIdentifier>
    </Filter>
  </ItemGroup>
  <ItemGroup>
    <ClInclude Include="src\Nitro.h" />
    <ClInclude Include="src\Nitro\Application.h">
      <Filter>Nitro</Filter>
    </ClInclude>
    <ClInclude Include="src\Nitro\Core.h">
      <Filter>Nitro</Filter>
    </ClInclude>
    <ClInclude Include="src\Nitro\EntryPoint.h">
      <Filter>Nitro</Filter>
    </ClInclude>
    <ClInclude Include="src\Nitro\Events\AppEvent.h">
      <Filter>Nitro\Events</Filter>
    </ClInclude>
    <ClInclude Include="src\Nitro\Events\Event.h">
      <Filter>Nitro\Events</Filter>
    </ClInclude>
    <ClInclude Include="src\Nitro\Events\KeyEvent.h">
      <Filter>Nitro\Events</Filter>
    </ClInclude>
    <ClInclude Include="src\Nitro\Events\MouseEvent.h">
      <Filter>Nitro\Events</Filter>
    </ClInclude>
    <ClInclude Include="src\Nitro\Layer.h">
      <Filter>Nitro</Filter>
    </ClInclude>
    <ClInclude Include="src\Nitro\LayerStack.h">
      <Filter>Nitro</Filter>
    </ClInclude>
    <ClInclude Include="src\Nitro\Log.h">
      <Filter>Nitro</Filter>
    </ClInclude>
    <ClInclude Include="src\Nitro\Window.h">
      <Filter>Nitro</Filter>
    </ClInclude>
    <ClInclude Include="src\Platform\WindowsWindow.h">
      <Filter>Platform</Filter>
    </ClInclude>
    <ClInclude Include="src\ngpch.h" />
  </ItemGroup>
  <ItemGroup>
    <ClCompile Include="src\Nitro\Application.cpp">
      <Filter>Nitro</Filter>
    </ClCompile>
    <ClCompile Include="src\Nitro\Layer.cpp">
      <Filter>Nitro</Filter>
    </ClCompile>
    <ClCompile Include="src\Nitro\LayerStack.cpp">
      <Filter>Nitro</Filter>
    </ClCompile>
    <ClCompile Include="src\Nitro\Log.cpp">
      <Filter>Nitro</Filter>
    </ClCompile>
    <ClCompile Include="src\Platform\WindowsWindow.cpp">
      <Filter>Platform</Filter>
    </ClCompile>
    <ClCompile Include="src\ngpch.cpp" />
  </ItemGroup>
</Project>